
Microsoft Visual Studio Solution File, Format Version 12.00
# Visual Studio Version 17
VisualStudioVersion = 17.11.35327.3
MinimumVisualStudioVersion = 10.0.40219.1
Project("{FAE04EC0-301F-11D3-BF4B-00C04F79EFBC}") = "Kata 3", "Kata 3\Kata 3.csproj", "{86E9A4BD-56F5-4FE3-8E2C-0640B0D05762}"
EndProject
Global
	GlobalSection(SolutionConfigurationPlatforms) = preSolution
		Debug|Any CPU = Debug|Any CPU
		Release|Any CPU = Release|Any CPU
	EndGlobalSection
	GlobalSection(ProjectConfigurationPlatforms) = postSolution
		{86E9A4BD-56F5-4FE3-8E2C-0640B0D05762}.Debug|Any CPU.ActiveCfg = Debug|Any CPU
		{86E9A4BD-56F5-4FE3-8E2C-0640B0D05762}.Debug|Any CPU.Build.0 = Debug|Any CPU
		{86E9A4BD-56F5-4FE3-8E2C-0640B0D05762}.Release|Any CPU.ActiveCfg = Release|Any CPU
		{86E9A4BD-56F5-4FE3-8E2C-0640B0D05762}.Release|Any CPU.Build.0 = Release|Any CPU
	EndGlobalSection
	GlobalSection(SolutionProperties) = preSolution
		HideSolutionNode = FALSE
	EndGlobalSection
	GlobalSection(ExtensibilityGlobals) = postSolution
		SolutionGuid = {B91CDE9A-8982-4A46-9FB6-B7C117FA1F46}
	EndGlobalSection
EndGlobal
