
Microsoft Visual Studio Solution File, Format Version 12.00
# Visual Studio Version 17
VisualStudioVersion = 17.11.35327.3
MinimumVisualStudioVersion = 10.0.40219.1
Project("{FAE04EC0-301F-11D3-BF4B-00C04F79EFBC}") = "Mini kata 4", "Mini kata 4\Mini kata 4.csproj", "{092B86F4-0549-4D55-98BA-F7DD62DE5E6C}"
EndProject
Global
	GlobalSection(SolutionConfigurationPlatforms) = preSolution
		Debug|Any CPU = Debug|Any CPU
		Release|Any CPU = Release|Any CPU
	EndGlobalSection
	GlobalSection(ProjectConfigurationPlatforms) = postSolution
		{092B86F4-0549-4D55-98BA-F7DD62DE5E6C}.Debug|Any CPU.ActiveCfg = Debug|Any CPU
		{092B86F4-0549-4D55-98BA-F7DD62DE5E6C}.Debug|Any CPU.Build.0 = Debug|Any CPU
		{092B86F4-0549-4D55-98BA-F7DD62DE5E6C}.Release|Any CPU.ActiveCfg = Release|Any CPU
		{092B86F4-0549-4D55-98BA-F7DD62DE5E6C}.Release|Any CPU.Build.0 = Release|Any CPU
	EndGlobalSection
	GlobalSection(SolutionProperties) = preSolution
		HideSolutionNode = FALSE
	EndGlobalSection
	GlobalSection(ExtensibilityGlobals) = postSolution
		SolutionGuid = {500C022D-C073-40AC-AB1D-D05A12569DBC}
	EndGlobalSection
EndGlobal
