
Microsoft Visual Studio Solution File, Format Version 12.00
# Visual Studio Version 17
VisualStudioVersion = 17.11.35327.3
MinimumVisualStudioVersion = 10.0.40219.1
Project("{FAE04EC0-301F-11D3-BF4B-00C04F79EFBC}") = "P09_06Negation", "P09_06Negation\P09_06Negation.csproj", "{46091669-2371-4B02-ACC4-16CB32E01C4D}"
EndProject
Global
	GlobalSection(SolutionConfigurationPlatforms) = preSolution
		Debug|Any CPU = Debug|Any CPU
		Release|Any CPU = Release|Any CPU
	EndGlobalSection
	GlobalSection(ProjectConfigurationPlatforms) = postSolution
		{46091669-2371-4B02-ACC4-16CB32E01C4D}.Debug|Any CPU.ActiveCfg = Debug|Any CPU
		{46091669-2371-4B02-ACC4-16CB32E01C4D}.Debug|Any CPU.Build.0 = Debug|Any CPU
		{46091669-2371-4B02-ACC4-16CB32E01C4D}.Release|Any CPU.ActiveCfg = Release|Any CPU
		{46091669-2371-4B02-ACC4-16CB32E01C4D}.Release|Any CPU.Build.0 = Release|Any CPU
	EndGlobalSection
	GlobalSection(SolutionProperties) = preSolution
		HideSolutionNode = FALSE
	EndGlobalSection
	GlobalSection(ExtensibilityGlobals) = postSolution
		SolutionGuid = {48DD53D0-2FF7-4DF0-87BD-317613C70BEC}
	EndGlobalSection
EndGlobal
