
Microsoft Visual Studio Solution File, Format Version 12.00
# Visual Studio Version 17
VisualStudioVersion = 17.11.35327.3
MinimumVisualStudioVersion = 10.0.40219.1
Project("{FAE04EC0-301F-11D3-BF4B-00C04F79EFBC}") = "P09_04Remainder", "P09_04Remainder\P09_04Remainder.csproj", "{275D312D-7A3B-4AC3-990A-3C235371AAC4}"
EndProject
Global
	GlobalSection(SolutionConfigurationPlatforms) = preSolution
		Debug|Any CPU = Debug|Any CPU
		Release|Any CPU = Release|Any CPU
	EndGlobalSection
	GlobalSection(ProjectConfigurationPlatforms) = postSolution
		{275D312D-7A3B-4AC3-990A-3C235371AAC4}.Debug|Any CPU.ActiveCfg = Debug|Any CPU
		{275D312D-7A3B-4AC3-990A-3C235371AAC4}.Debug|Any CPU.Build.0 = Debug|Any CPU
		{275D312D-7A3B-4AC3-990A-3C235371AAC4}.Release|Any CPU.ActiveCfg = Release|Any CPU
		{275D312D-7A3B-4AC3-990A-3C235371AAC4}.Release|Any CPU.Build.0 = Release|Any CPU
	EndGlobalSection
	GlobalSection(SolutionProperties) = preSolution
		HideSolutionNode = FALSE
	EndGlobalSection
	GlobalSection(ExtensibilityGlobals) = postSolution
		SolutionGuid = {A5CF659D-3759-4EF5-9171-AC9B73E33D94}
	EndGlobalSection
EndGlobal
